// !$*UTF8*$!
{
	archiveVersion = 1;
	classes = {
	};
	objectVersion = 55;
	objects = {

/* Begin PBXBuildFile section */
		9A0B88402887FB3800F84D26 /* RestaurantsCollectionViewCell.swift in Sources */ = {isa = PBXBuildFile; fileRef = 9A0B883E2887FB3800F84D26 /* RestaurantsCollectionViewCell.swift */; };
		9A0B88412887FB3800F84D26 /* RestaurantsCollectionViewCell.xib in Resources */ = {isa = PBXBuildFile; fileRef = 9A0B883F2887FB3800F84D26 /* RestaurantsCollectionViewCell.xib */; };
		9A0B8845288808D200F84D26 /* RestaurantModel.swift in Sources */ = {isa = PBXBuildFile; fileRef = 9A0B8844288808D200F84D26 /* RestaurantModel.swift */; };
		9A0B88472888108700F84D26 /* DishModel.swift in Sources */ = {isa = PBXBuildFile; fileRef = 9A0B88462888108600F84D26 /* DishModel.swift */; };
		9A0B884C288810E900F84D26 /* DishCollectionViewCell.swift in Sources */ = {isa = PBXBuildFile; fileRef = 9A0B884A288810E900F84D26 /* DishCollectionViewCell.swift */; };
		9A0B884D288810E900F84D26 /* DishCollectionViewCell.xib in Resources */ = {isa = PBXBuildFile; fileRef = 9A0B884B288810E900F84D26 /* DishCollectionViewCell.xib */; };
		9A0B88502888275A00F84D26 /* MainViewViewModel.swift in Sources */ = {isa = PBXBuildFile; fileRef = 9A0B884F2888275A00F84D26 /* MainViewViewModel.swift */; };
		9A27EF1F288E82C000DAB437 /* MenuTableViewCell.swift in Sources */ = {isa = PBXBuildFile; fileRef = 9A27EF1D288E82C000DAB437 /* MenuTableViewCell.swift */; };
		9A27EF20288E82C000DAB437 /* MenuTableViewCell.xib in Resources */ = {isa = PBXBuildFile; fileRef = 9A27EF1E288E82C000DAB437 /* MenuTableViewCell.xib */; };
		9A27EF22288EAB3B00DAB437 /* MainNavigationController.swift in Sources */ = {isa = PBXBuildFile; fileRef = 9A27EF21288EAB3B00DAB437 /* MainNavigationController.swift */; };
		9A363FDA2878CEFB006F3387 /* AppDelegate.swift in Sources */ = {isa = PBXBuildFile; fileRef = 9A363FD92878CEFB006F3387 /* AppDelegate.swift */; };
		9A363FDC2878CEFB006F3387 /* SceneDelegate.swift in Sources */ = {isa = PBXBuildFile; fileRef = 9A363FDB2878CEFB006F3387 /* SceneDelegate.swift */; };
		9A363FDE2878CEFB006F3387 /* SignInViewController.swift in Sources */ = {isa = PBXBuildFile; fileRef = 9A363FDD2878CEFB006F3387 /* SignInViewController.swift */; };
		9A363FE12878CEFB006F3387 /* SignIn&SignUp.storyboard in Resources */ = {isa = PBXBuildFile; fileRef = 9A363FDF2878CEFB006F3387 /* SignIn&SignUp.storyboard */; };
		9A363FE32878CEFD006F3387 /* Assets.xcassets in Resources */ = {isa = PBXBuildFile; fileRef = 9A363FE22878CEFD006F3387 /* Assets.xcassets */; };
		9A363FE62878CEFD006F3387 /* LaunchScreen.storyboard in Resources */ = {isa = PBXBuildFile; fileRef = 9A363FE42878CEFD006F3387 /* LaunchScreen.storyboard */; };
		9A363FEF2878DE47006F3387 /* UIElementModifications.swift in Sources */ = {isa = PBXBuildFile; fileRef = 9A363FEE2878DE47006F3387 /* UIElementModifications.swift */; };
		9A363FF12878E1DF006F3387 /* SignUpViewController.swift in Sources */ = {isa = PBXBuildFile; fileRef = 9A363FF02878E1DF006F3387 /* SignUpViewController.swift */; };
		9A3AD8C62892FC40000C5BA1 /* ChosenFoodModel.swift in Sources */ = {isa = PBXBuildFile; fileRef = 9A3AD8C52892FC40000C5BA1 /* ChosenFoodModel.swift */; };
		9A3AD8CB28931B2D000C5BA1 /* Cart.storyboard in Resources */ = {isa = PBXBuildFile; fileRef = 9A3AD8CA28931B2D000C5BA1 /* Cart.storyboard */; };
		9A3AD8CD28931B3F000C5BA1 /* CartViewController.swift in Sources */ = {isa = PBXBuildFile; fileRef = 9A3AD8CC28931B3F000C5BA1 /* CartViewController.swift */; };
		9A424A8E288C09A9008636D8 /* Restaurant.storyboard in Resources */ = {isa = PBXBuildFile; fileRef = 9A424A8D288C09A9008636D8 /* Restaurant.storyboard */; };
		9A424A90288C09BC008636D8 /* RestaurantViewController.swift in Sources */ = {isa = PBXBuildFile; fileRef = 9A424A8F288C09BC008636D8 /* RestaurantViewController.swift */; };
		9A4EA603289A702800ADDF7F /* ChosenFoodTableViewCell.swift in Sources */ = {isa = PBXBuildFile; fileRef = 9A4EA601289A702800ADDF7F /* ChosenFoodTableViewCell.swift */; };
		9A4EA604289A702800ADDF7F /* ChosenFoodTableViewCell.xib in Resources */ = {isa = PBXBuildFile; fileRef = 9A4EA602289A702800ADDF7F /* ChosenFoodTableViewCell.xib */; };
		9A5E5F2E289D12D4008ED850 /* DeliveryDetailsTableViewCell.swift in Sources */ = {isa = PBXBuildFile; fileRef = 9A5E5F2C289D12D4008ED850 /* DeliveryDetailsTableViewCell.swift */; };
		9A5E5F2F289D12D4008ED850 /* DeliveryDetailsTableViewCell.xib in Resources */ = {isa = PBXBuildFile; fileRef = 9A5E5F2D289D12D4008ED850 /* DeliveryDetailsTableViewCell.xib */; };
		9A77DDB3288BDF6E000F0D5F /* APIFetchModel.swift in Sources */ = {isa = PBXBuildFile; fileRef = 9A77DDB2288BDF6D000F0D5F /* APIFetchModel.swift */; };
		9AC9B0AC2887EE2800B4E8AD /* MainViewController.swift in Sources */ = {isa = PBXBuildFile; fileRef = 9AC9B0AA2887EE2800B4E8AD /* MainViewController.swift */; };
		9AC9B0AF2887EE6B00B4E8AD /* Main.storyboard in Resources */ = {isa = PBXBuildFile; fileRef = 9AC9B0AE2887EE6B00B4E8AD /* Main.storyboard */; };
/* End PBXBuildFile section */

/* Begin PBXFileReference section */
		9A0B883E2887FB3800F84D26 /* RestaurantsCollectionViewCell.swift */ = {isa = PBXFileReference; lastKnownFileType = sourcecode.swift; path = RestaurantsCollectionViewCell.swift; sourceTree = "<group>"; };
		9A0B883F2887FB3800F84D26 /* RestaurantsCollectionViewCell.xib */ = {isa = PBXFileReference; lastKnownFileType = file.xib; path = RestaurantsCollectionViewCell.xib; sourceTree = "<group>"; };
		9A0B8844288808D200F84D26 /* RestaurantModel.swift */ = {isa = PBXFileReference; lastKnownFileType = sourcecode.swift; path = RestaurantModel.swift; sourceTree = "<group>"; };
		9A0B88462888108600F84D26 /* DishModel.swift */ = {isa = PBXFileReference; lastKnownFileType = sourcecode.swift; path = DishModel.swift; sourceTree = "<group>"; };
		9A0B884A288810E900F84D26 /* DishCollectionViewCell.swift */ = {isa = PBXFileReference; lastKnownFileType = sourcecode.swift; path = DishCollectionViewCell.swift; sourceTree = "<group>"; };
		9A0B884B288810E900F84D26 /* DishCollectionViewCell.xib */ = {isa = PBXFileReference; lastKnownFileType = file.xib; path = DishCollectionViewCell.xib; sourceTree = "<group>"; };
		9A0B884F2888275A00F84D26 /* MainViewViewModel.swift */ = {isa = PBXFileReference; lastKnownFileType = sourcecode.swift; path = MainViewViewModel.swift; sourceTree = "<group>"; };
		9A27EF1D288E82C000DAB437 /* MenuTableViewCell.swift */ = {isa = PBXFileReference; lastKnownFileType = sourcecode.swift; path = MenuTableViewCell.swift; sourceTree = "<group>"; };
		9A27EF1E288E82C000DAB437 /* MenuTableViewCell.xib */ = {isa = PBXFileReference; lastKnownFileType = file.xib; path = MenuTableViewCell.xib; sourceTree = "<group>"; };
		9A27EF21288EAB3B00DAB437 /* MainNavigationController.swift */ = {isa = PBXFileReference; lastKnownFileType = sourcecode.swift; path = MainNavigationController.swift; sourceTree = "<group>"; };
		9A363FD62878CEFB006F3387 /* Galaktion Nizharadze, Assignment #14.app */ = {isa = PBXFileReference; explicitFileType = wrapper.application; includeInIndex = 0; path = "Galaktion Nizharadze, Assignment #14.app"; sourceTree = BUILT_PRODUCTS_DIR; };
		9A363FD92878CEFB006F3387 /* AppDelegate.swift */ = {isa = PBXFileReference; lastKnownFileType = sourcecode.swift; path = AppDelegate.swift; sourceTree = "<group>"; };
		9A363FDB2878CEFB006F3387 /* SceneDelegate.swift */ = {isa = PBXFileReference; lastKnownFileType = sourcecode.swift; path = SceneDelegate.swift; sourceTree = "<group>"; };
		9A363FDD2878CEFB006F3387 /* SignInViewController.swift */ = {isa = PBXFileReference; lastKnownFileType = sourcecode.swift; path = SignInViewController.swift; sourceTree = "<group>"; };
		9A363FE02878CEFB006F3387 /* Base */ = {isa = PBXFileReference; lastKnownFileType = file.storyboard; name = Base; path = "Base.lproj/SignIn&SignUp.storyboard"; sourceTree = "<group>"; };
		9A363FE22878CEFD006F3387 /* Assets.xcassets */ = {isa = PBXFileReference; lastKnownFileType = folder.assetcatalog; path = Assets.xcassets; sourceTree = "<group>"; };
		9A363FE52878CEFD006F3387 /* Base */ = {isa = PBXFileReference; lastKnownFileType = file.storyboard; name = Base; path = Base.lproj/LaunchScreen.storyboard; sourceTree = "<group>"; };
		9A363FE72878CEFD006F3387 /* Info.plist */ = {isa = PBXFileReference; lastKnownFileType = text.plist.xml; path = Info.plist; sourceTree = "<group>"; };
		9A363FEE2878DE47006F3387 /* UIElementModifications.swift */ = {isa = PBXFileReference; lastKnownFileType = sourcecode.swift; path = UIElementModifications.swift; sourceTree = "<group>"; };
		9A363FF02878E1DF006F3387 /* SignUpViewController.swift */ = {isa = PBXFileReference; lastKnownFileType = sourcecode.swift; path = SignUpViewController.swift; sourceTree = "<group>"; };
		9A3AD8C52892FC40000C5BA1 /* ChosenFoodModel.swift */ = {isa = PBXFileReference; lastKnownFileType = sourcecode.swift; path = ChosenFoodModel.swift; sourceTree = "<group>"; };
		9A3AD8CA28931B2D000C5BA1 /* Cart.storyboard */ = {isa = PBXFileReference; lastKnownFileType = file.storyboard; path = Cart.storyboard; sourceTree = "<group>"; };
		9A3AD8CC28931B3F000C5BA1 /* CartViewController.swift */ = {isa = PBXFileReference; lastKnownFileType = sourcecode.swift; path = CartViewController.swift; sourceTree = "<group>"; };
		9A424A8D288C09A9008636D8 /* Restaurant.storyboard */ = {isa = PBXFileReference; lastKnownFileType = file.storyboard; path = Restaurant.storyboard; sourceTree = "<group>"; };
		9A424A8F288C09BC008636D8 /* RestaurantViewController.swift */ = {isa = PBXFileReference; lastKnownFileType = sourcecode.swift; path = RestaurantViewController.swift; sourceTree = "<group>"; };
		9A4EA601289A702800ADDF7F /* ChosenFoodTableViewCell.swift */ = {isa = PBXFileReference; lastKnownFileType = sourcecode.swift; path = ChosenFoodTableViewCell.swift; sourceTree = "<group>"; };
		9A4EA602289A702800ADDF7F /* ChosenFoodTableViewCell.xib */ = {isa = PBXFileReference; lastKnownFileType = file.xib; path = ChosenFoodTableViewCell.xib; sourceTree = "<group>"; };
		9A5E5F2C289D12D4008ED850 /* DeliveryDetailsTableViewCell.swift */ = {isa = PBXFileReference; lastKnownFileType = sourcecode.swift; path = DeliveryDetailsTableViewCell.swift; sourceTree = "<group>"; };
		9A5E5F2D289D12D4008ED850 /* DeliveryDetailsTableViewCell.xib */ = {isa = PBXFileReference; lastKnownFileType = file.xib; path = DeliveryDetailsTableViewCell.xib; sourceTree = "<group>"; };
		9A77DDB2288BDF6D000F0D5F /* APIFetchModel.swift */ = {isa = PBXFileReference; lastKnownFileType = sourcecode.swift; path = APIFetchModel.swift; sourceTree = "<group>"; };
		9AC9B0AA2887EE2800B4E8AD /* MainViewController.swift */ = {isa = PBXFileReference; lastKnownFileType = sourcecode.swift; path = MainViewController.swift; sourceTree = "<group>"; };
		9AC9B0AE2887EE6B00B4E8AD /* Main.storyboard */ = {isa = PBXFileReference; lastKnownFileType = file.storyboard; path = Main.storyboard; sourceTree = "<group>"; };
/* End PBXFileReference section */

/* Begin PBXFrameworksBuildPhase section */
		9A363FD32878CEFB006F3387 /* Frameworks */ = {
			isa = PBXFrameworksBuildPhase;
			buildActionMask = 2147483647;
			files = (
			);
			runOnlyForDeploymentPostprocessing = 0;
		};
/* End PBXFrameworksBuildPhase section */

/* Begin PBXGroup section */
		9A0B883D2887FB1400F84D26 /* View */ = {
			isa = PBXGroup;
			children = (
				9AC9B0AE2887EE6B00B4E8AD /* Main.storyboard */,
				9A27EF21288EAB3B00DAB437 /* MainNavigationController.swift */,
				9A0B8848288810CA00F84D26 /* RestaurantCell */,
				9A0B8849288810D500F84D26 /* DishCell */,
			);
			path = View;
			sourceTree = "<group>";
		};
		9A0B8843288808C500F84D26 /* Model */ = {
			isa = PBXGroup;
			children = (
				9A0B8844288808D200F84D26 /* RestaurantModel.swift */,
				9A0B88462888108600F84D26 /* DishModel.swift */,
				9A77DDB2288BDF6D000F0D5F /* APIFetchModel.swift */,
			);
			path = Model;
			sourceTree = "<group>";
		};
		9A0B8848288810CA00F84D26 /* RestaurantCell */ = {
			isa = PBXGroup;
			children = (
				9A0B883E2887FB3800F84D26 /* RestaurantsCollectionViewCell.swift */,
				9A0B883F2887FB3800F84D26 /* RestaurantsCollectionViewCell.xib */,
			);
			path = RestaurantCell;
			sourceTree = "<group>";
		};
		9A0B8849288810D500F84D26 /* DishCell */ = {
			isa = PBXGroup;
			children = (
				9A0B884A288810E900F84D26 /* DishCollectionViewCell.swift */,
				9A0B884B288810E900F84D26 /* DishCollectionViewCell.xib */,
			);
			path = DishCell;
			sourceTree = "<group>";
		};
		9A0B884E2888274800F84D26 /* ViewModel */ = {
			isa = PBXGroup;
			children = (
				9A0B884F2888275A00F84D26 /* MainViewViewModel.swift */,
			);
			path = ViewModel;
			sourceTree = "<group>";
		};
		9A27EF1C288E82A300DAB437 /* MenuFoodsTableView */ = {
			isa = PBXGroup;
			children = (
				9A27EF1D288E82C000DAB437 /* MenuTableViewCell.swift */,
				9A27EF1E288E82C000DAB437 /* MenuTableViewCell.xib */,
			);
			path = MenuFoodsTableView;
			sourceTree = "<group>";
		};
		9A363FCD2878CEFB006F3387 = {
			isa = PBXGroup;
			children = (
				9A363FD82878CEFB006F3387 /* Galaktion Nizharadze, Assignment #14 */,
				9A363FD72878CEFB006F3387 /* Products */,
			);
			sourceTree = "<group>";
		};
		9A363FD72878CEFB006F3387 /* Products */ = {
			isa = PBXGroup;
			children = (
				9A363FD62878CEFB006F3387 /* Galaktion Nizharadze, Assignment #14.app */,
			);
			name = Products;
			sourceTree = "<group>";
		};
		9A363FD82878CEFB006F3387 /* Galaktion Nizharadze, Assignment #14 */ = {
			isa = PBXGroup;
			children = (
				9A363FED2878D160006F3387 /* SupportingFiles */,
				9A363FFC287985C7006F3387 /* Screens */,
			);
			path = "Galaktion Nizharadze, Assignment #14";
			sourceTree = "<group>";
		};
		9A363FED2878D160006F3387 /* SupportingFiles */ = {
			isa = PBXGroup;
			children = (
				9A363FE72878CEFD006F3387 /* Info.plist */,
				9A363FEE2878DE47006F3387 /* UIElementModifications.swift */,
				9A363FD92878CEFB006F3387 /* AppDelegate.swift */,
				9A363FDB2878CEFB006F3387 /* SceneDelegate.swift */,
				9A363FE22878CEFD006F3387 /* Assets.xcassets */,
				9A363FE42878CEFD006F3387 /* LaunchScreen.storyboard */,
			);
			path = SupportingFiles;
			sourceTree = "<group>";
		};
		9A363FFC287985C7006F3387 /* Screens */ = {
			isa = PBXGroup;
			children = (
				9A36400028798621006F3387 /* SignIn */,
				9A3640012879863F006F3387 /* SignUp */,
				9AC9B0A92887EE0400B4E8AD /* Main */,
				9A424A8C288C0990008636D8 /* Restaurant */,
				9A3AD8C928931AC2000C5BA1 /* Cart */,
			);
			path = Screens;
			sourceTree = "<group>";
		};
		9A36400028798621006F3387 /* SignIn */ = {
			isa = PBXGroup;
			children = (
				9A363FDD2878CEFB006F3387 /* SignInViewController.swift */,
				9A363FDF2878CEFB006F3387 /* SignIn&SignUp.storyboard */,
			);
			path = SignIn;
			sourceTree = "<group>";
		};
		9A3640012879863F006F3387 /* SignUp */ = {
			isa = PBXGroup;
			children = (
				9A363FF02878E1DF006F3387 /* SignUpViewController.swift */,
			);
			path = SignUp;
			sourceTree = "<group>";
		};
		9A3AD8C72892FD80000C5BA1 /* Model */ = {
			isa = PBXGroup;
			children = (
				9A3AD8C52892FC40000C5BA1 /* ChosenFoodModel.swift */,
			);
			path = Model;
			sourceTree = "<group>";
		};
		9A3AD8C82892FD8F000C5BA1 /* View */ = {
			isa = PBXGroup;
			children = (
				9A27EF1C288E82A300DAB437 /* MenuFoodsTableView */,
				9A424A8D288C09A9008636D8 /* Restaurant.storyboard */,
			);
			path = View;
			sourceTree = "<group>";
		};
		9A3AD8C928931AC2000C5BA1 /* Cart */ = {
			isa = PBXGroup;
			children = (
				9A4EA600289A6FF900ADDF7F /* View */,
				9A3AD8CC28931B3F000C5BA1 /* CartViewController.swift */,
			);
			path = Cart;
			sourceTree = "<group>";
		};
		9A424A8C288C0990008636D8 /* Restaurant */ = {
			isa = PBXGroup;
			children = (
				9A3AD8C72892FD80000C5BA1 /* Model */,
				9A3AD8C82892FD8F000C5BA1 /* View */,
				9A424A8F288C09BC008636D8 /* RestaurantViewController.swift */,
			);
			path = Restaurant;
			sourceTree = "<group>";
		};
		9A4EA600289A6FF900ADDF7F /* View */ = {
			isa = PBXGroup;
			children = (
				9A3AD8CA28931B2D000C5BA1 /* Cart.storyboard */,
				9A5E5F29289D12AC008ED850 /* Delivery Details */,
				9A518970289AD10300CD2FAA /* ChosenFood */,
			);
			path = View;
			sourceTree = "<group>";
		};
		9A518970289AD10300CD2FAA /* ChosenFood */ = {
			isa = PBXGroup;
			children = (
				9A4EA602289A702800ADDF7F /* ChosenFoodTableViewCell.xib */,
				9A4EA601289A702800ADDF7F /* ChosenFoodTableViewCell.swift */,
			);
			path = ChosenFood;
			sourceTree = "<group>";
		};
		9A5E5F29289D12AC008ED850 /* Delivery Details */ = {
			isa = PBXGroup;
			children = (
				9A5E5F2C289D12D4008ED850 /* DeliveryDetailsTableViewCell.swift */,
				9A5E5F2D289D12D4008ED850 /* DeliveryDetailsTableViewCell.xib */,
			);
			path = "Delivery Details";
			sourceTree = "<group>";
		};
		9AC9B0A92887EE0400B4E8AD /* Main */ = {
			isa = PBXGroup;
			children = (
				9A0B884E2888274800F84D26 /* ViewModel */,
				9A0B8843288808C500F84D26 /* Model */,
				9A0B883D2887FB1400F84D26 /* View */,
				9AC9B0AA2887EE2800B4E8AD /* MainViewController.swift */,
			);
			path = Main;
			sourceTree = "<group>";
		};
/* End PBXGroup section */

/* Begin PBXNativeTarget section */
		9A363FD52878CEFB006F3387 /* Galaktion Nizharadze, Assignment #14 */ = {
			isa = PBXNativeTarget;
			buildConfigurationList = 9A363FEA2878CEFD006F3387 /* Build configuration list for PBXNativeTarget "Galaktion Nizharadze, Assignment #14" */;
			buildPhases = (
				9A363FD22878CEFB006F3387 /* Sources */,
				9A363FD32878CEFB006F3387 /* Frameworks */,
				9A363FD42878CEFB006F3387 /* Resources */,
			);
			buildRules = (
			);
			dependencies = (
			);
			name = "Galaktion Nizharadze, Assignment #14";
			productName = "Galaktion Nizharadze, Assignment #14";
			productReference = 9A363FD62878CEFB006F3387 /* Galaktion Nizharadze, Assignment #14.app */;
			productType = "com.apple.product-type.application";
		};
/* End PBXNativeTarget section */

/* Begin PBXProject section */
		9A363FCE2878CEFB006F3387 /* Project object */ = {
			isa = PBXProject;
			attributes = {
				BuildIndependentTargetsInParallel = 1;
				LastSwiftUpdateCheck = 1340;
				LastUpgradeCheck = 1340;
				TargetAttributes = {
					9A363FD52878CEFB006F3387 = {
						CreatedOnToolsVersion = 13.4.1;
					};
				};
			};
			buildConfigurationList = 9A363FD12878CEFB006F3387 /* Build configuration list for PBXProject "Galaktion Nizharadze, Assignment #14" */;
			compatibilityVersion = "Xcode 13.0";
			developmentRegion = en;
			hasScannedForEncodings = 0;
			knownRegions = (
				en,
				Base,
			);
			mainGroup = 9A363FCD2878CEFB006F3387;
			productRefGroup = 9A363FD72878CEFB006F3387 /* Products */;
			projectDirPath = "";
			projectRoot = "";
			targets = (
				9A363FD52878CEFB006F3387 /* Galaktion Nizharadze, Assignment #14 */,
			);
		};
/* End PBXProject section */

/* Begin PBXResourcesBuildPhase section */
		9A363FD42878CEFB006F3387 /* Resources */ = {
			isa = PBXResourcesBuildPhase;
			buildActionMask = 2147483647;
			files = (
				9A5E5F2F289D12D4008ED850 /* DeliveryDetailsTableViewCell.xib in Resources */,
				9A363FE62878CEFD006F3387 /* LaunchScreen.storyboard in Resources */,
				9A363FE32878CEFD006F3387 /* Assets.xcassets in Resources */,
				9A3AD8CB28931B2D000C5BA1 /* Cart.storyboard in Resources */,
				9A4EA604289A702800ADDF7F /* ChosenFoodTableViewCell.xib in Resources */,
				9A424A8E288C09A9008636D8 /* Restaurant.storyboard in Resources */,
				9A0B884D288810E900F84D26 /* DishCollectionViewCell.xib in Resources */,
				9A363FE12878CEFB006F3387 /* SignIn&SignUp.storyboard in Resources */,
				9A0B88412887FB3800F84D26 /* RestaurantsCollectionViewCell.xib in Resources */,
				9A27EF20288E82C000DAB437 /* MenuTableViewCell.xib in Resources */,
				9AC9B0AF2887EE6B00B4E8AD /* Main.storyboard in Resources */,
			);
			runOnlyForDeploymentPostprocessing = 0;
		};
/* End PBXResourcesBuildPhase section */

/* Begin PBXSourcesBuildPhase section */
		9A363FD22878CEFB006F3387 /* Sources */ = {
			isa = PBXSourcesBuildPhase;
			buildActionMask = 2147483647;
			files = (
				9A27EF22288EAB3B00DAB437 /* MainNavigationController.swift in Sources */,
				9A5E5F2E289D12D4008ED850 /* DeliveryDetailsTableViewCell.swift in Sources */,
				9A363FEF2878DE47006F3387 /* UIElementModifications.swift in Sources */,
				9A363FDE2878CEFB006F3387 /* SignInViewController.swift in Sources */,
				9A27EF1F288E82C000DAB437 /* MenuTableViewCell.swift in Sources */,
				9A0B88502888275A00F84D26 /* MainViewViewModel.swift in Sources */,
				9A0B884C288810E900F84D26 /* DishCollectionViewCell.swift in Sources */,
				9A0B8845288808D200F84D26 /* RestaurantModel.swift in Sources */,
				9A363FDA2878CEFB006F3387 /* AppDelegate.swift in Sources */,
				9A0B88472888108700F84D26 /* DishModel.swift in Sources */,
				9A3AD8C62892FC40000C5BA1 /* ChosenFoodModel.swift in Sources */,
				9AC9B0AC2887EE2800B4E8AD /* MainViewController.swift in Sources */,
				9A4EA603289A702800ADDF7F /* ChosenFoodTableViewCell.swift in Sources */,
				9A363FDC2878CEFB006F3387 /* SceneDelegate.swift in Sources */,
				9A363FF12878E1DF006F3387 /* SignUpViewController.swift in Sources */,
				9A3AD8CD28931B3F000C5BA1 /* CartViewController.swift in Sources */,
				9A0B88402887FB3800F84D26 /* RestaurantsCollectionViewCell.swift in Sources */,
				9A77DDB3288BDF6E000F0D5F /* APIFetchModel.swift in Sources */,
				9A424A90288C09BC008636D8 /* RestaurantViewController.swift in Sources */,
			);
			runOnlyForDeploymentPostprocessing = 0;
		};
/* End PBXSourcesBuildPhase section */

/* Begin PBXVariantGroup section */
		9A363FDF2878CEFB006F3387 /* SignIn&SignUp.storyboard */ = {
			isa = PBXVariantGroup;
			children = (
				9A363FE02878CEFB006F3387 /* Base */,
			);
			name = "SignIn&SignUp.storyboard";
			sourceTree = "<group>";
		};
		9A363FE42878CEFD006F3387 /* LaunchScreen.storyboard */ = {
			isa = PBXVariantGroup;
			children = (
				9A363FE52878CEFD006F3387 /* Base */,
			);
			name = LaunchScreen.storyboard;
			sourceTree = "<group>";
		};
/* End PBXVariantGroup section */

/* Begin XCBuildConfiguration section */
		9A363FE82878CEFD006F3387 /* Debug */ = {
			isa = XCBuildConfiguration;
			buildSettings = {
				ALWAYS_SEARCH_USER_PATHS = NO;
				CLANG_ANALYZER_NONNULL = YES;
				CLANG_ANALYZER_NUMBER_OBJECT_CONVERSION = YES_AGGRESSIVE;
				CLANG_CXX_LANGUAGE_STANDARD = "gnu++17";
				CLANG_ENABLE_MODULES = YES;
				CLANG_ENABLE_OBJC_ARC = YES;
				CLANG_ENABLE_OBJC_WEAK = YES;
				CLANG_WARN_BLOCK_CAPTURE_AUTORELEASING = YES;
				CLANG_WARN_BOOL_CONVERSION = YES;
				CLANG_WARN_COMMA = YES;
				CLANG_WARN_CONSTANT_CONVERSION = YES;
				CLANG_WARN_DEPRECATED_OBJC_IMPLEMENTATIONS = YES;
				CLANG_WARN_DIRECT_OBJC_ISA_USAGE = YES_ERROR;
				CLANG_WARN_DOCUMENTATION_COMMENTS = YES;
				CLANG_WARN_EMPTY_BODY = YES;
				CLANG_WARN_ENUM_CONVERSION = YES;
				CLANG_WARN_INFINITE_RECURSION = YES;
				CLANG_WARN_INT_CONVERSION = YES;
				CLANG_WARN_NON_LITERAL_NULL_CONVERSION = YES;
				CLANG_WARN_OBJC_IMPLICIT_RETAIN_SELF = YES;
				CLANG_WARN_OBJC_LITERAL_CONVERSION = YES;
				CLANG_WARN_OBJC_ROOT_CLASS = YES_ERROR;
				CLANG_WARN_QUOTED_INCLUDE_IN_FRAMEWORK_HEADER = YES;
				CLANG_WARN_RANGE_LOOP_ANALYSIS = YES;
				CLANG_WARN_STRICT_PROTOTYPES = YES;
				CLANG_WARN_SUSPICIOUS_MOVE = YES;
				CLANG_WARN_UNGUARDED_AVAILABILITY = YES_AGGRESSIVE;
				CLANG_WARN_UNREACHABLE_CODE = YES;
				CLANG_WARN__DUPLICATE_METHOD_MATCH = YES;
				COPY_PHASE_STRIP = NO;
				DEBUG_INFORMATION_FORMAT = dwarf;
				ENABLE_STRICT_OBJC_MSGSEND = YES;
				ENABLE_TESTABILITY = YES;
				GCC_C_LANGUAGE_STANDARD = gnu11;
				GCC_DYNAMIC_NO_PIC = NO;
				GCC_NO_COMMON_BLOCKS = YES;
				GCC_OPTIMIZATION_LEVEL = 0;
				GCC_PREPROCESSOR_DEFINITIONS = (
					"DEBUG=1",
					"$(inherited)",
				);
				GCC_WARN_64_TO_32_BIT_CONVERSION = YES;
				GCC_WARN_ABOUT_RETURN_TYPE = YES_ERROR;
				GCC_WARN_UNDECLARED_SELECTOR = YES;
				GCC_WARN_UNINITIALIZED_AUTOS = YES_AGGRESSIVE;
				GCC_WARN_UNUSED_FUNCTION = YES;
				GCC_WARN_UNUSED_VARIABLE = YES;
				IPHONEOS_DEPLOYMENT_TARGET = 15.5;
				MTL_ENABLE_DEBUG_INFO = INCLUDE_SOURCE;
				MTL_FAST_MATH = YES;
				ONLY_ACTIVE_ARCH = YES;
				SDKROOT = iphoneos;
				SWIFT_ACTIVE_COMPILATION_CONDITIONS = DEBUG;
				SWIFT_OPTIMIZATION_LEVEL = "-Onone";
			};
			name = Debug;
		};
		9A363FE92878CEFD006F3387 /* Release */ = {
			isa = XCBuildConfiguration;
			buildSettings = {
				ALWAYS_SEARCH_USER_PATHS = NO;
				CLANG_ANALYZER_NONNULL = YES;
				CLANG_ANALYZER_NUMBER_OBJECT_CONVERSION = YES_AGGRESSIVE;
				CLANG_CXX_LANGUAGE_STANDARD = "gnu++17";
				CLANG_ENABLE_MODULES = YES;
				CLANG_ENABLE_OBJC_ARC = YES;
				CLANG_ENABLE_OBJC_WEAK = YES;
				CLANG_WARN_BLOCK_CAPTURE_AUTORELEASING = YES;
				CLANG_WARN_BOOL_CONVERSION = YES;
				CLANG_WARN_COMMA = YES;
				CLANG_WARN_CONSTANT_CONVERSION = YES;
				CLANG_WARN_DEPRECATED_OBJC_IMPLEMENTATIONS = YES;
				CLANG_WARN_DIRECT_OBJC_ISA_USAGE = YES_ERROR;
				CLANG_WARN_DOCUMENTATION_COMMENTS = YES;
				CLANG_WARN_EMPTY_BODY = YES;
				CLANG_WARN_ENUM_CONVERSION = YES;
				CLANG_WARN_INFINITE_RECURSION = YES;
				CLANG_WARN_INT_CONVERSION = YES;
				CLANG_WARN_NON_LITERAL_NULL_CONVERSION = YES;
				CLANG_WARN_OBJC_IMPLICIT_RETAIN_SELF = YES;
				CLANG_WARN_OBJC_LITERAL_CONVERSION = YES;
				CLANG_WARN_OBJC_ROOT_CLASS = YES_ERROR;
				CLANG_WARN_QUOTED_INCLUDE_IN_FRAMEWORK_HEADER = YES;
				CLANG_WARN_RANGE_LOOP_ANALYSIS = YES;
				CLANG_WARN_STRICT_PROTOTYPES = YES;
				CLANG_WARN_SUSPICIOUS_MOVE = YES;
				CLANG_WARN_UNGUARDED_AVAILABILITY = YES_AGGRESSIVE;
				CLANG_WARN_UNREACHABLE_CODE = YES;
				CLANG_WARN__DUPLICATE_METHOD_MATCH = YES;
				COPY_PHASE_STRIP = NO;
				DEBUG_INFORMATION_FORMAT = "dwarf-with-dsym";
				ENABLE_NS_ASSERTIONS = NO;
				ENABLE_STRICT_OBJC_MSGSEND = YES;
				GCC_C_LANGUAGE_STANDARD = gnu11;
				GCC_NO_COMMON_BLOCKS = YES;
				GCC_WARN_64_TO_32_BIT_CONVERSION = YES;
				GCC_WARN_ABOUT_RETURN_TYPE = YES_ERROR;
				GCC_WARN_UNDECLARED_SELECTOR = YES;
				GCC_WARN_UNINITIALIZED_AUTOS = YES_AGGRESSIVE;
				GCC_WARN_UNUSED_FUNCTION = YES;
				GCC_WARN_UNUSED_VARIABLE = YES;
				IPHONEOS_DEPLOYMENT_TARGET = 15.5;
				MTL_ENABLE_DEBUG_INFO = NO;
				MTL_FAST_MATH = YES;
				SDKROOT = iphoneos;
				SWIFT_COMPILATION_MODE = wholemodule;
				SWIFT_OPTIMIZATION_LEVEL = "-O";
				VALIDATE_PRODUCT = YES;
			};
			name = Release;
		};
		9A363FEB2878CEFD006F3387 /* Debug */ = {
			isa = XCBuildConfiguration;
			buildSettings = {
				ASSETCATALOG_COMPILER_APPICON_NAME = AppIcon;
				ASSETCATALOG_COMPILER_GLOBAL_ACCENT_COLOR_NAME = AccentColor;
				CODE_SIGN_STYLE = Automatic;
				CURRENT_PROJECT_VERSION = 1;
				DEVELOPMENT_TEAM = 9BZ4794R5K;
				GENERATE_INFOPLIST_FILE = YES;
				INFOPLIST_FILE = "Galaktion Nizharadze, Assignment #14/SupportingFiles/Info.plist";
				INFOPLIST_KEY_UIApplicationSupportsIndirectInputEvents = YES;
				INFOPLIST_KEY_UILaunchStoryboardName = LaunchScreen;
				INFOPLIST_KEY_UIMainStoryboardFile = "SignIn&SignUp";
				INFOPLIST_KEY_UISupportedInterfaceOrientations_iPad = "UIInterfaceOrientationPortrait UIInterfaceOrientationPortraitUpsideDown UIInterfaceOrientationLandscapeLeft UIInterfaceOrientationLandscapeRight";
				INFOPLIST_KEY_UISupportedInterfaceOrientations_iPhone = "UIInterfaceOrientationPortrait UIInterfaceOrientationLandscapeLeft UIInterfaceOrientationLandscapeRight";
				LD_RUNPATH_SEARCH_PATHS = (
					"$(inherited)",
					"@executable_path/Frameworks",
				);
				MARKETING_VERSION = 1.0;
				PRODUCT_BUNDLE_IDENTIFIER = "com.tbcbootcamp.Galaktion-Nizharadze--Assignment--14";
				PRODUCT_NAME = "$(TARGET_NAME)";
				SWIFT_EMIT_LOC_STRINGS = YES;
				SWIFT_VERSION = 5.0;
				TARGETED_DEVICE_FAMILY = "1,2";
			};
			name = Debug;
		};
		9A363FEC2878CEFD006F3387 /* Release */ = {
			isa = XCBuildConfiguration;
			buildSettings = {
				ASSETCATALOG_COMPILER_APPICON_NAME = AppIcon;
				ASSETCATALOG_COMPILER_GLOBAL_ACCENT_COLOR_NAME = AccentColor;
				CODE_SIGN_STYLE = Automatic;
				CURRENT_PROJECT_VERSION = 1;
				DEVELOPMENT_TEAM = 9BZ4794R5K;
				GENERATE_INFOPLIST_FILE = YES;
				INFOPLIST_FILE = "Galaktion Nizharadze, Assignment #14/SupportingFiles/Info.plist";
				INFOPLIST_KEY_UIApplicationSupportsIndirectInputEvents = YES;
				INFOPLIST_KEY_UILaunchStoryboardName = LaunchScreen;
				INFOPLIST_KEY_UIMainStoryboardFile = "SignIn&SignUp";
				INFOPLIST_KEY_UISupportedInterfaceOrientations_iPad = "UIInterfaceOrientationPortrait UIInterfaceOrientationPortraitUpsideDown UIInterfaceOrientationLandscapeLeft UIInterfaceOrientationLandscapeRight";
				INFOPLIST_KEY_UISupportedInterfaceOrientations_iPhone = "UIInterfaceOrientationPortrait UIInterfaceOrientationLandscapeLeft UIInterfaceOrientationLandscapeRight";
				LD_RUNPATH_SEARCH_PATHS = (
					"$(inherited)",
					"@executable_path/Frameworks",
				);
				MARKETING_VERSION = 1.0;
				PRODUCT_BUNDLE_IDENTIFIER = "com.tbcbootcamp.Galaktion-Nizharadze--Assignment--14";
				PRODUCT_NAME = "$(TARGET_NAME)";
				SWIFT_EMIT_LOC_STRINGS = YES;
				SWIFT_VERSION = 5.0;
				TARGETED_DEVICE_FAMILY = "1,2";
			};
			name = Release;
		};
/* End XCBuildConfiguration section */

/* Begin XCConfigurationList section */
		9A363FD12878CEFB006F3387 /* Build configuration list for PBXProject "Galaktion Nizharadze, Assignment #14" */ = {
			isa = XCConfigurationList;
			buildConfigurations = (
				9A363FE82878CEFD006F3387 /* Debug */,
				9A363FE92878CEFD006F3387 /* Release */,
			);
			defaultConfigurationIsVisible = 0;
			defaultConfigurationName = Release;
		};
		9A363FEA2878CEFD006F3387 /* Build configuration list for PBXNativeTarget "Galaktion Nizharadze, Assignment #14" */ = {
			isa = XCConfigurationList;
			buildConfigurations = (
				9A363FEB2878CEFD006F3387 /* Debug */,
				9A363FEC2878CEFD006F3387 /* Release */,
			);
			defaultConfigurationIsVisible = 0;
			defaultConfigurationName = Release;
		};
/* End XCConfigurationList section */
	};
	rootObject = 9A363FCE2878CEFB006F3387 /* Project object */;
}
